
Microsoft Visual Studio Solution File, Format Version 12.00
# Visual Studio 15
VisualStudioVersion = 15.0.27110.0
MinimumVisualStudioVersion = 10.0.40219.1
Project("{FAE04EC0-301F-11D3-BF4B-00C04F79EFBC}") = "HqDownloadManager", "HqDownloadManager\HqDownloadManager.csproj", "{3295C660-9A23-4C90-A3B2-9FE4F590C4ED}"
EndProject
Project("{FAE04EC0-301F-11D3-BF4B-00C04F79EFBC}") = "HqDownloadManager.Controller", "HqDownloadManager.Controller\HqDownloadManager.Controller.csproj", "{511FDF66-7820-4410-A1D1-54D6758CE640}"
EndProject
Project("{9A19103F-16F7-4668-BE54-9A1E7A4F7556}") = "HqDownloadManager.Core", "HqDownloadManager.Core\HqDownloadManager.Core.csproj", "{1FE8E2EA-B028-46C5-93BB-F3DE17B22EDA}"
EndProject
Project("{9A19103F-16F7-4668-BE54-9A1E7A4F7556}") = "HqDownloadManager.Download", "HqDownloadManager.Download\HqDownloadManager.Download.csproj", "{45CB9237-A838-43B8-8FA8-A8A43E8DF19B}"
EndProject
Project("{9A19103F-16F7-4668-BE54-9A1E7A4F7556}") = "Utils", "..\..\NetStandard\Utils\Utils\Utils.csproj", "{918F6EDB-F7E6-4B32-B368-3033A385C66D}"
EndProject
Project("{9A19103F-16F7-4668-BE54-9A1E7A4F7556}") = "Reflection.Optimization", "..\..\NetStandard\Reflection.Optimization\Reflection.Optimization\Reflection.Optimization.csproj", "{7B9D547D-97C9-40D0-9226-A85B08909AE7}"
EndProject
Project("{9A19103F-16F7-4668-BE54-9A1E7A4F7556}") = "DependencyInjectionResolver", "..\..\NetStandard\DependencyInjectionResolver\DependencyInjectionResolver\DependencyInjectionResolver.csproj", "{0814704C-97B3-418A-B789-22583C4CD25E}"
EndProject
Project("{9A19103F-16F7-4668-BE54-9A1E7A4F7556}") = "Repository", "..\..\NetStandard\Repository\Repository\Repository.csproj", "{B6B3785E-9C5F-43CA-912A-21B5B093E4D1}"
EndProject
Project("{FAE04EC0-301F-11D3-BF4B-00C04F79EFBC}") = "HqManager", "HqManager\HqManager.csproj", "{045F301C-4BCC-46C7-BE0D-5FB66D09E75A}"
EndProject
Global
	GlobalSection(SolutionConfigurationPlatforms) = preSolution
		Debug|Any CPU = Debug|Any CPU
		Debug|ARM = Debug|ARM
		Debug|x64 = Debug|x64
		Debug|x86 = Debug|x86
		Release|Any CPU = Release|Any CPU
		Release|ARM = Release|ARM
		Release|x64 = Release|x64
		Release|x86 = Release|x86
	EndGlobalSection
	GlobalSection(ProjectConfigurationPlatforms) = postSolution
		{3295C660-9A23-4C90-A3B2-9FE4F590C4ED}.Debug|Any CPU.ActiveCfg = Debug|x86
		{3295C660-9A23-4C90-A3B2-9FE4F590C4ED}.Debug|Any CPU.Build.0 = Debug|x86
		{3295C660-9A23-4C90-A3B2-9FE4F590C4ED}.Debug|Any CPU.Deploy.0 = Debug|x86
		{3295C660-9A23-4C90-A3B2-9FE4F590C4ED}.Debug|ARM.ActiveCfg = Debug|ARM
		{3295C660-9A23-4C90-A3B2-9FE4F590C4ED}.Debug|ARM.Build.0 = Debug|ARM
		{3295C660-9A23-4C90-A3B2-9FE4F590C4ED}.Debug|ARM.Deploy.0 = Debug|ARM
		{3295C660-9A23-4C90-A3B2-9FE4F590C4ED}.Debug|x64.ActiveCfg = Debug|x64
		{3295C660-9A23-4C90-A3B2-9FE4F590C4ED}.Debug|x64.Build.0 = Debug|x64
		{3295C660-9A23-4C90-A3B2-9FE4F590C4ED}.Debug|x64.Deploy.0 = Debug|x64
		{3295C660-9A23-4C90-A3B2-9FE4F590C4ED}.Debug|x86.ActiveCfg = Debug|x86
		{3295C660-9A23-4C90-A3B2-9FE4F590C4ED}.Debug|x86.Build.0 = Debug|x86
		{3295C660-9A23-4C90-A3B2-9FE4F590C4ED}.Debug|x86.Deploy.0 = Debug|x86
		{3295C660-9A23-4C90-A3B2-9FE4F590C4ED}.Release|Any CPU.ActiveCfg = Release|x86
		{3295C660-9A23-4C90-A3B2-9FE4F590C4ED}.Release|ARM.ActiveCfg = Release|ARM
		{3295C660-9A23-4C90-A3B2-9FE4F590C4ED}.Release|ARM.Build.0 = Release|ARM
		{3295C660-9A23-4C90-A3B2-9FE4F590C4ED}.Release|ARM.Deploy.0 = Release|ARM
		{3295C660-9A23-4C90-A3B2-9FE4F590C4ED}.Release|x64.ActiveCfg = Release|x64
		{3295C660-9A23-4C90-A3B2-9FE4F590C4ED}.Release|x64.Build.0 = Release|x64
		{3295C660-9A23-4C90-A3B2-9FE4F590C4ED}.Release|x64.Deploy.0 = Release|x64
		{3295C660-9A23-4C90-A3B2-9FE4F590C4ED}.Release|x86.ActiveCfg = Release|x86
		{3295C660-9A23-4C90-A3B2-9FE4F590C4ED}.Release|x86.Build.0 = Release|x86
		{3295C660-9A23-4C90-A3B2-9FE4F590C4ED}.Release|x86.Deploy.0 = Release|x86
		{511FDF66-7820-4410-A1D1-54D6758CE640}.Debug|Any CPU.ActiveCfg = Debug|Any CPU
		{511FDF66-7820-4410-A1D1-54D6758CE640}.Debug|Any CPU.Build.0 = Debug|Any CPU
		{511FDF66-7820-4410-A1D1-54D6758CE640}.Debug|ARM.ActiveCfg = Debug|ARM
		{511FDF66-7820-4410-A1D1-54D6758CE640}.Debug|ARM.Build.0 = Debug|ARM
		{511FDF66-7820-4410-A1D1-54D6758CE640}.Debug|x64.ActiveCfg = Debug|x64
		{511FDF66-7820-4410-A1D1-54D6758CE640}.Debug|x64.Build.0 = Debug|x64
		{511FDF66-7820-4410-A1D1-54D6758CE640}.Debug|x86.ActiveCfg = Debug|x86
		{511FDF66-7820-4410-A1D1-54D6758CE640}.Debug|x86.Build.0 = Debug|x86
		{511FDF66-7820-4410-A1D1-54D6758CE640}.Release|Any CPU.ActiveCfg = Release|Any CPU
		{511FDF66-7820-4410-A1D1-54D6758CE640}.Release|Any CPU.Build.0 = Release|Any CPU
		{511FDF66-7820-4410-A1D1-54D6758CE640}.Release|ARM.ActiveCfg = Release|ARM
		{511FDF66-7820-4410-A1D1-54D6758CE640}.Release|ARM.Build.0 = Release|ARM
		{511FDF66-7820-4410-A1D1-54D6758CE640}.Release|x64.ActiveCfg = Release|x64
		{511FDF66-7820-4410-A1D1-54D6758CE640}.Release|x64.Build.0 = Release|x64
		{511FDF66-7820-4410-A1D1-54D6758CE640}.Release|x86.ActiveCfg = Release|x86
		{511FDF66-7820-4410-A1D1-54D6758CE640}.Release|x86.Build.0 = Release|x86
		{1FE8E2EA-B028-46C5-93BB-F3DE17B22EDA}.Debug|Any CPU.ActiveCfg = Debug|Any CPU
		{1FE8E2EA-B028-46C5-93BB-F3DE17B22EDA}.Debug|Any CPU.Build.0 = Debug|Any CPU
		{1FE8E2EA-B028-46C5-93BB-F3DE17B22EDA}.Debug|ARM.ActiveCfg = Debug|Any CPU
		{1FE8E2EA-B028-46C5-93BB-F3DE17B22EDA}.Debug|ARM.Build.0 = Debug|Any CPU
		{1FE8E2EA-B028-46C5-93BB-F3DE17B22EDA}.Debug|x64.ActiveCfg = Debug|Any CPU
		{1FE8E2EA-B028-46C5-93BB-F3DE17B22EDA}.Debug|x64.Build.0 = Debug|Any CPU
		{1FE8E2EA-B028-46C5-93BB-F3DE17B22EDA}.Debug|x86.ActiveCfg = Debug|Any CPU
		{1FE8E2EA-B028-46C5-93BB-F3DE17B22EDA}.Debug|x86.Build.0 = Debug|Any CPU
		{1FE8E2EA-B028-46C5-93BB-F3DE17B22EDA}.Release|Any CPU.ActiveCfg = Release|Any CPU
		{1FE8E2EA-B028-46C5-93BB-F3DE17B22EDA}.Release|Any CPU.Build.0 = Release|Any CPU
		{1FE8E2EA-B028-46C5-93BB-F3DE17B22EDA}.Release|ARM.ActiveCfg = Release|Any CPU
		{1FE8E2EA-B028-46C5-93BB-F3DE17B22EDA}.Release|ARM.Build.0 = Release|Any CPU
		{1FE8E2EA-B028-46C5-93BB-F3DE17B22EDA}.Release|x64.ActiveCfg = Release|Any CPU
		{1FE8E2EA-B028-46C5-93BB-F3DE17B22EDA}.Release|x64.Build.0 = Release|Any CPU
		{1FE8E2EA-B028-46C5-93BB-F3DE17B22EDA}.Release|x86.ActiveCfg = Release|Any CPU
		{1FE8E2EA-B028-46C5-93BB-F3DE17B22EDA}.Release|x86.Build.0 = Release|Any CPU
		{45CB9237-A838-43B8-8FA8-A8A43E8DF19B}.Debug|Any CPU.ActiveCfg = Debug|Any CPU
		{45CB9237-A838-43B8-8FA8-A8A43E8DF19B}.Debug|Any CPU.Build.0 = Debug|Any CPU
		{45CB9237-A838-43B8-8FA8-A8A43E8DF19B}.Debug|ARM.ActiveCfg = Debug|Any CPU
		{45CB9237-A838-43B8-8FA8-A8A43E8DF19B}.Debug|ARM.Build.0 = Debug|Any CPU
		{45CB9237-A838-43B8-8FA8-A8A43E8DF19B}.Debug|x64.ActiveCfg = Debug|Any CPU
		{45CB9237-A838-43B8-8FA8-A8A43E8DF19B}.Debug|x64.Build.0 = Debug|Any CPU
		{45CB9237-A838-43B8-8FA8-A8A43E8DF19B}.Debug|x86.ActiveCfg = Debug|Any CPU
		{45CB9237-A838-43B8-8FA8-A8A43E8DF19B}.Debug|x86.Build.0 = Debug|Any CPU
		{45CB9237-A838-43B8-8FA8-A8A43E8DF19B}.Release|Any CPU.ActiveCfg = Release|Any CPU
		{45CB9237-A838-43B8-8FA8-A8A43E8DF19B}.Release|Any CPU.Build.0 = Release|Any CPU
		{45CB9237-A838-43B8-8FA8-A8A43E8DF19B}.Release|ARM.ActiveCfg = Release|Any CPU
		{45CB9237-A838-43B8-8FA8-A8A43E8DF19B}.Release|ARM.Build.0 = Release|Any CPU
		{45CB9237-A838-43B8-8FA8-A8A43E8DF19B}.Release|x64.ActiveCfg = Release|Any CPU
		{45CB9237-A838-43B8-8FA8-A8A43E8DF19B}.Release|x64.Build.0 = Release|Any CPU
		{45CB9237-A838-43B8-8FA8-A8A43E8DF19B}.Release|x86.ActiveCfg = Release|Any CPU
		{45CB9237-A838-43B8-8FA8-A8A43E8DF19B}.Release|x86.Build.0 = Release|Any CPU
		{918F6EDB-F7E6-4B32-B368-3033A385C66D}.Debug|Any CPU.ActiveCfg = Debug|Any CPU
		{918F6EDB-F7E6-4B32-B368-3033A385C66D}.Debug|Any CPU.Build.0 = Debug|Any CPU
		{918F6EDB-F7E6-4B32-B368-3033A385C66D}.Debug|ARM.ActiveCfg = Debug|Any CPU
		{918F6EDB-F7E6-4B32-B368-3033A385C66D}.Debug|ARM.Build.0 = Debug|Any CPU
		{918F6EDB-F7E6-4B32-B368-3033A385C66D}.Debug|x64.ActiveCfg = Debug|Any CPU
		{918F6EDB-F7E6-4B32-B368-3033A385C66D}.Debug|x64.Build.0 = Debug|Any CPU
		{918F6EDB-F7E6-4B32-B368-3033A385C66D}.Debug|x86.ActiveCfg = Debug|Any CPU
		{918F6EDB-F7E6-4B32-B368-3033A385C66D}.Debug|x86.Build.0 = Debug|Any CPU
		{918F6EDB-F7E6-4B32-B368-3033A385C66D}.Release|Any CPU.ActiveCfg = Release|Any CPU
		{918F6EDB-F7E6-4B32-B368-3033A385C66D}.Release|Any CPU.Build.0 = Release|Any CPU
		{918F6EDB-F7E6-4B32-B368-3033A385C66D}.Release|ARM.ActiveCfg = Release|Any CPU
		{918F6EDB-F7E6-4B32-B368-3033A385C66D}.Release|ARM.Build.0 = Release|Any CPU
		{918F6EDB-F7E6-4B32-B368-3033A385C66D}.Release|x64.ActiveCfg = Release|Any CPU
		{918F6EDB-F7E6-4B32-B368-3033A385C66D}.Release|x64.Build.0 = Release|Any CPU
		{918F6EDB-F7E6-4B32-B368-3033A385C66D}.Release|x86.ActiveCfg = Release|Any CPU
		{918F6EDB-F7E6-4B32-B368-3033A385C66D}.Release|x86.Build.0 = Release|Any CPU
		{7B9D547D-97C9-40D0-9226-A85B08909AE7}.Debug|Any CPU.ActiveCfg = Debug|Any CPU
		{7B9D547D-97C9-40D0-9226-A85B08909AE7}.Debug|Any CPU.Build.0 = Debug|Any CPU
		{7B9D547D-97C9-40D0-9226-A85B08909AE7}.Debug|ARM.ActiveCfg = Debug|Any CPU
		{7B9D547D-97C9-40D0-9226-A85B08909AE7}.Debug|ARM.Build.0 = Debug|Any CPU
		{7B9D547D-97C9-40D0-9226-A85B08909AE7}.Debug|x64.ActiveCfg = Debug|Any CPU
		{7B9D547D-97C9-40D0-9226-A85B08909AE7}.Debug|x64.Build.0 = Debug|Any CPU
		{7B9D547D-97C9-40D0-9226-A85B08909AE7}.Debug|x86.ActiveCfg = Debug|Any CPU
		{7B9D547D-97C9-40D0-9226-A85B08909AE7}.Debug|x86.Build.0 = Debug|Any CPU
		{7B9D547D-97C9-40D0-9226-A85B08909AE7}.Release|Any CPU.ActiveCfg = Release|Any CPU
		{7B9D547D-97C9-40D0-9226-A85B08909AE7}.Release|Any CPU.Build.0 = Release|Any CPU
		{7B9D547D-97C9-40D0-9226-A85B08909AE7}.Release|ARM.ActiveCfg = Release|Any CPU
		{7B9D547D-97C9-40D0-9226-A85B08909AE7}.Release|ARM.Build.0 = Release|Any CPU
		{7B9D547D-97C9-40D0-9226-A85B08909AE7}.Release|x64.ActiveCfg = Release|Any CPU
		{7B9D547D-97C9-40D0-9226-A85B08909AE7}.Release|x64.Build.0 = Release|Any CPU
		{7B9D547D-97C9-40D0-9226-A85B08909AE7}.Release|x86.ActiveCfg = Release|Any CPU
		{7B9D547D-97C9-40D0-9226-A85B08909AE7}.Release|x86.Build.0 = Release|Any CPU
		{0814704C-97B3-418A-B789-22583C4CD25E}.Debug|Any CPU.ActiveCfg = Debug|Any CPU
		{0814704C-97B3-418A-B789-22583C4CD25E}.Debug|Any CPU.Build.0 = Debug|Any CPU
		{0814704C-97B3-418A-B789-22583C4CD25E}.Debug|ARM.ActiveCfg = Debug|Any CPU
		{0814704C-97B3-418A-B789-22583C4CD25E}.Debug|ARM.Build.0 = Debug|Any CPU
		{0814704C-97B3-418A-B789-22583C4CD25E}.Debug|x64.ActiveCfg = Debug|Any CPU
		{0814704C-97B3-418A-B789-22583C4CD25E}.Debug|x64.Build.0 = Debug|Any CPU
		{0814704C-97B3-418A-B789-22583C4CD25E}.Debug|x86.ActiveCfg = Debug|Any CPU
		{0814704C-97B3-418A-B789-22583C4CD25E}.Debug|x86.Build.0 = Debug|Any CPU
		{0814704C-97B3-418A-B789-22583C4CD25E}.Release|Any CPU.ActiveCfg = Release|Any CPU
		{0814704C-97B3-418A-B789-22583C4CD25E}.Release|Any CPU.Build.0 = Release|Any CPU
		{0814704C-97B3-418A-B789-22583C4CD25E}.Release|ARM.ActiveCfg = Release|Any CPU
		{0814704C-97B3-418A-B789-22583C4CD25E}.Release|ARM.Build.0 = Release|Any CPU
		{0814704C-97B3-418A-B789-22583C4CD25E}.Release|x64.ActiveCfg = Release|Any CPU
		{0814704C-97B3-418A-B789-22583C4CD25E}.Release|x64.Build.0 = Release|Any CPU
		{0814704C-97B3-418A-B789-22583C4CD25E}.Release|x86.ActiveCfg = Release|Any CPU
		{0814704C-97B3-418A-B789-22583C4CD25E}.Release|x86.Build.0 = Release|Any CPU
		{B6B3785E-9C5F-43CA-912A-21B5B093E4D1}.Debug|Any CPU.ActiveCfg = Debug|Any CPU
		{B6B3785E-9C5F-43CA-912A-21B5B093E4D1}.Debug|Any CPU.Build.0 = Debug|Any CPU
		{B6B3785E-9C5F-43CA-912A-21B5B093E4D1}.Debug|ARM.ActiveCfg = Debug|Any CPU
		{B6B3785E-9C5F-43CA-912A-21B5B093E4D1}.Debug|ARM.Build.0 = Debug|Any CPU
		{B6B3785E-9C5F-43CA-912A-21B5B093E4D1}.Debug|x64.ActiveCfg = Debug|Any CPU
		{B6B3785E-9C5F-43CA-912A-21B5B093E4D1}.Debug|x64.Build.0 = Debug|Any CPU
		{B6B3785E-9C5F-43CA-912A-21B5B093E4D1}.Debug|x86.ActiveCfg = Debug|Any CPU
		{B6B3785E-9C5F-43CA-912A-21B5B093E4D1}.Debug|x86.Build.0 = Debug|Any CPU
		{B6B3785E-9C5F-43CA-912A-21B5B093E4D1}.Release|Any CPU.ActiveCfg = Release|Any CPU
		{B6B3785E-9C5F-43CA-912A-21B5B093E4D1}.Release|Any CPU.Build.0 = Release|Any CPU
		{B6B3785E-9C5F-43CA-912A-21B5B093E4D1}.Release|ARM.ActiveCfg = Release|Any CPU
		{B6B3785E-9C5F-43CA-912A-21B5B093E4D1}.Release|ARM.Build.0 = Release|Any CPU
		{B6B3785E-9C5F-43CA-912A-21B5B093E4D1}.Release|x64.ActiveCfg = Release|Any CPU
		{B6B3785E-9C5F-43CA-912A-21B5B093E4D1}.Release|x64.Build.0 = Release|Any CPU
		{B6B3785E-9C5F-43CA-912A-21B5B093E4D1}.Release|x86.ActiveCfg = Release|Any CPU
		{B6B3785E-9C5F-43CA-912A-21B5B093E4D1}.Release|x86.Build.0 = Release|Any CPU
		{045F301C-4BCC-46C7-BE0D-5FB66D09E75A}.Debug|Any CPU.ActiveCfg = Debug|Any CPU
		{045F301C-4BCC-46C7-BE0D-5FB66D09E75A}.Debug|Any CPU.Build.0 = Debug|Any CPU
		{045F301C-4BCC-46C7-BE0D-5FB66D09E75A}.Debug|ARM.ActiveCfg = Debug|Any CPU
		{045F301C-4BCC-46C7-BE0D-5FB66D09E75A}.Debug|ARM.Build.0 = Debug|Any CPU
		{045F301C-4BCC-46C7-BE0D-5FB66D09E75A}.Debug|x64.ActiveCfg = Debug|Any CPU
		{045F301C-4BCC-46C7-BE0D-5FB66D09E75A}.Debug|x64.Build.0 = Debug|Any CPU
		{045F301C-4BCC-46C7-BE0D-5FB66D09E75A}.Debug|x86.ActiveCfg = Debug|Any CPU
		{045F301C-4BCC-46C7-BE0D-5FB66D09E75A}.Debug|x86.Build.0 = Debug|Any CPU
		{045F301C-4BCC-46C7-BE0D-5FB66D09E75A}.Release|Any CPU.ActiveCfg = Release|Any CPU
		{045F301C-4BCC-46C7-BE0D-5FB66D09E75A}.Release|Any CPU.Build.0 = Release|Any CPU
		{045F301C-4BCC-46C7-BE0D-5FB66D09E75A}.Release|ARM.ActiveCfg = Release|Any CPU
		{045F301C-4BCC-46C7-BE0D-5FB66D09E75A}.Release|ARM.Build.0 = Release|Any CPU
		{045F301C-4BCC-46C7-BE0D-5FB66D09E75A}.Release|x64.ActiveCfg = Release|Any CPU
		{045F301C-4BCC-46C7-BE0D-5FB66D09E75A}.Release|x64.Build.0 = Release|Any CPU
		{045F301C-4BCC-46C7-BE0D-5FB66D09E75A}.Release|x86.ActiveCfg = Release|Any CPU
		{045F301C-4BCC-46C7-BE0D-5FB66D09E75A}.Release|x86.Build.0 = Release|Any CPU
	EndGlobalSection
	GlobalSection(SolutionProperties) = preSolution
		HideSolutionNode = FALSE
	EndGlobalSection
	GlobalSection(ExtensibilityGlobals) = postSolution
		SolutionGuid = {E7EFCF2F-067A-406B-9605-43107520228D}
	EndGlobalSection
EndGlobal
