
Microsoft Visual Studio Solution File, Format Version 12.00
# Visual Studio 15
VisualStudioVersion = 15.0.27110.0
MinimumVisualStudioVersion = 10.0.40219.1
Project("{9A19103F-16F7-4668-BE54-9A1E7A4F7556}") = "Reflection.Optimization", "..\..\NetStandard\Reflection.Optimization\Reflection.Optimization\Reflection.Optimization.csproj", "{4FBF4294-CAE4-43D2-ABBF-756DF72358D9}"
EndProject
Project("{9A19103F-16F7-4668-BE54-9A1E7A4F7556}") = "DependencyInjectionResolver", "..\..\NetStandard\DependencyInjectionResolver\DependencyInjectionResolver\DependencyInjectionResolver.csproj", "{7B9A81F5-8004-4DEF-BC69-C9E390881448}"
EndProject
Project("{9A19103F-16F7-4668-BE54-9A1E7A4F7556}") = "Repository", "..\..\NetStandard\Repository\Repository\Repository.csproj", "{0044501F-1DED-49A8-A172-946274CAA4D6}"
EndProject
Project("{9A19103F-16F7-4668-BE54-9A1E7A4F7556}") = "Utils", "..\..\NetStandard\Utils\Utils\Utils.csproj", "{25EECE08-E64F-49D9-9657-A18406ADB95A}"
EndProject
Project("{9A19103F-16F7-4668-BE54-9A1E7A4F7556}") = "HqDownloadManager.Core", "HqDownloadManager.Core\HqDownloadManager.Core.csproj", "{8B0DB86E-74B0-4F13-B18F-8862BDB1EAA3}"
EndProject
Project("{FAE04EC0-301F-11D3-BF4B-00C04F79EFBC}") = "HqDownloadManager", "HqDownloadManager\HqDownloadManager.csproj", "{A4544E79-26BE-46CD-86C7-DD954D558F63}"
EndProject
Project("{FAE04EC0-301F-11D3-BF4B-00C04F79EFBC}") = "HqDownloadManager.Controller", "HqDownloadManager.Controller\HqDownloadManager.Controller.csproj", "{511FDF66-7820-4410-A1D1-54D6758CE640}"
EndProject
Project("{FAE04EC0-301F-11D3-BF4B-00C04F79EFBC}") = "HqDownloadManager.Download", "HqDownloadManager.Download\HqDownloadManager.Download.csproj", "{177F41D2-B3C4-425A-AB50-EF33DF16FF8A}"
EndProject
Project("{FAE04EC0-301F-11D3-BF4B-00C04F79EFBC}") = "HqDownloadManager.FollowUpdate", "HqDownloadManager.FollowUpdate\HqDownloadManager.FollowUpdate.csproj", "{A09DF8FF-3173-4BE3-8AA2-E14BF858815F}"
EndProject
Global
	GlobalSection(SolutionConfigurationPlatforms) = preSolution
		Debug|Any CPU = Debug|Any CPU
		Debug|ARM = Debug|ARM
		Debug|x64 = Debug|x64
		Debug|x86 = Debug|x86
		Release|Any CPU = Release|Any CPU
		Release|ARM = Release|ARM
		Release|x64 = Release|x64
		Release|x86 = Release|x86
	EndGlobalSection
	GlobalSection(ProjectConfigurationPlatforms) = postSolution
		{4FBF4294-CAE4-43D2-ABBF-756DF72358D9}.Debug|Any CPU.ActiveCfg = Debug|Any CPU
		{4FBF4294-CAE4-43D2-ABBF-756DF72358D9}.Debug|Any CPU.Build.0 = Debug|Any CPU
		{4FBF4294-CAE4-43D2-ABBF-756DF72358D9}.Debug|ARM.ActiveCfg = Debug|Any CPU
		{4FBF4294-CAE4-43D2-ABBF-756DF72358D9}.Debug|ARM.Build.0 = Debug|Any CPU
		{4FBF4294-CAE4-43D2-ABBF-756DF72358D9}.Debug|x64.ActiveCfg = Debug|Any CPU
		{4FBF4294-CAE4-43D2-ABBF-756DF72358D9}.Debug|x64.Build.0 = Debug|Any CPU
		{4FBF4294-CAE4-43D2-ABBF-756DF72358D9}.Debug|x86.ActiveCfg = Debug|Any CPU
		{4FBF4294-CAE4-43D2-ABBF-756DF72358D9}.Debug|x86.Build.0 = Debug|Any CPU
		{4FBF4294-CAE4-43D2-ABBF-756DF72358D9}.Release|Any CPU.ActiveCfg = Release|Any CPU
		{4FBF4294-CAE4-43D2-ABBF-756DF72358D9}.Release|Any CPU.Build.0 = Release|Any CPU
		{4FBF4294-CAE4-43D2-ABBF-756DF72358D9}.Release|ARM.ActiveCfg = Release|Any CPU
		{4FBF4294-CAE4-43D2-ABBF-756DF72358D9}.Release|ARM.Build.0 = Release|Any CPU
		{4FBF4294-CAE4-43D2-ABBF-756DF72358D9}.Release|x64.ActiveCfg = Release|Any CPU
		{4FBF4294-CAE4-43D2-ABBF-756DF72358D9}.Release|x64.Build.0 = Release|Any CPU
		{4FBF4294-CAE4-43D2-ABBF-756DF72358D9}.Release|x86.ActiveCfg = Release|Any CPU
		{4FBF4294-CAE4-43D2-ABBF-756DF72358D9}.Release|x86.Build.0 = Release|Any CPU
		{7B9A81F5-8004-4DEF-BC69-C9E390881448}.Debug|Any CPU.ActiveCfg = Debug|Any CPU
		{7B9A81F5-8004-4DEF-BC69-C9E390881448}.Debug|Any CPU.Build.0 = Debug|Any CPU
		{7B9A81F5-8004-4DEF-BC69-C9E390881448}.Debug|ARM.ActiveCfg = Debug|Any CPU
		{7B9A81F5-8004-4DEF-BC69-C9E390881448}.Debug|ARM.Build.0 = Debug|Any CPU
		{7B9A81F5-8004-4DEF-BC69-C9E390881448}.Debug|x64.ActiveCfg = Debug|Any CPU
		{7B9A81F5-8004-4DEF-BC69-C9E390881448}.Debug|x64.Build.0 = Debug|Any CPU
		{7B9A81F5-8004-4DEF-BC69-C9E390881448}.Debug|x86.ActiveCfg = Debug|Any CPU
		{7B9A81F5-8004-4DEF-BC69-C9E390881448}.Debug|x86.Build.0 = Debug|Any CPU
		{7B9A81F5-8004-4DEF-BC69-C9E390881448}.Release|Any CPU.ActiveCfg = Release|Any CPU
		{7B9A81F5-8004-4DEF-BC69-C9E390881448}.Release|Any CPU.Build.0 = Release|Any CPU
		{7B9A81F5-8004-4DEF-BC69-C9E390881448}.Release|ARM.ActiveCfg = Release|Any CPU
		{7B9A81F5-8004-4DEF-BC69-C9E390881448}.Release|ARM.Build.0 = Release|Any CPU
		{7B9A81F5-8004-4DEF-BC69-C9E390881448}.Release|x64.ActiveCfg = Release|Any CPU
		{7B9A81F5-8004-4DEF-BC69-C9E390881448}.Release|x64.Build.0 = Release|Any CPU
		{7B9A81F5-8004-4DEF-BC69-C9E390881448}.Release|x86.ActiveCfg = Release|Any CPU
		{7B9A81F5-8004-4DEF-BC69-C9E390881448}.Release|x86.Build.0 = Release|Any CPU
		{0044501F-1DED-49A8-A172-946274CAA4D6}.Debug|Any CPU.ActiveCfg = Debug|Any CPU
		{0044501F-1DED-49A8-A172-946274CAA4D6}.Debug|Any CPU.Build.0 = Debug|Any CPU
		{0044501F-1DED-49A8-A172-946274CAA4D6}.Debug|ARM.ActiveCfg = Debug|Any CPU
		{0044501F-1DED-49A8-A172-946274CAA4D6}.Debug|ARM.Build.0 = Debug|Any CPU
		{0044501F-1DED-49A8-A172-946274CAA4D6}.Debug|x64.ActiveCfg = Debug|Any CPU
		{0044501F-1DED-49A8-A172-946274CAA4D6}.Debug|x64.Build.0 = Debug|Any CPU
		{0044501F-1DED-49A8-A172-946274CAA4D6}.Debug|x86.ActiveCfg = Debug|Any CPU
		{0044501F-1DED-49A8-A172-946274CAA4D6}.Debug|x86.Build.0 = Debug|Any CPU
		{0044501F-1DED-49A8-A172-946274CAA4D6}.Release|Any CPU.ActiveCfg = Release|Any CPU
		{0044501F-1DED-49A8-A172-946274CAA4D6}.Release|Any CPU.Build.0 = Release|Any CPU
		{0044501F-1DED-49A8-A172-946274CAA4D6}.Release|ARM.ActiveCfg = Release|Any CPU
		{0044501F-1DED-49A8-A172-946274CAA4D6}.Release|ARM.Build.0 = Release|Any CPU
		{0044501F-1DED-49A8-A172-946274CAA4D6}.Release|x64.ActiveCfg = Release|Any CPU
		{0044501F-1DED-49A8-A172-946274CAA4D6}.Release|x64.Build.0 = Release|Any CPU
		{0044501F-1DED-49A8-A172-946274CAA4D6}.Release|x86.ActiveCfg = Release|Any CPU
		{0044501F-1DED-49A8-A172-946274CAA4D6}.Release|x86.Build.0 = Release|Any CPU
		{25EECE08-E64F-49D9-9657-A18406ADB95A}.Debug|Any CPU.ActiveCfg = Debug|Any CPU
		{25EECE08-E64F-49D9-9657-A18406ADB95A}.Debug|Any CPU.Build.0 = Debug|Any CPU
		{25EECE08-E64F-49D9-9657-A18406ADB95A}.Debug|ARM.ActiveCfg = Debug|Any CPU
		{25EECE08-E64F-49D9-9657-A18406ADB95A}.Debug|ARM.Build.0 = Debug|Any CPU
		{25EECE08-E64F-49D9-9657-A18406ADB95A}.Debug|x64.ActiveCfg = Debug|Any CPU
		{25EECE08-E64F-49D9-9657-A18406ADB95A}.Debug|x64.Build.0 = Debug|Any CPU
		{25EECE08-E64F-49D9-9657-A18406ADB95A}.Debug|x86.ActiveCfg = Debug|Any CPU
		{25EECE08-E64F-49D9-9657-A18406ADB95A}.Debug|x86.Build.0 = Debug|Any CPU
		{25EECE08-E64F-49D9-9657-A18406ADB95A}.Release|Any CPU.ActiveCfg = Release|Any CPU
		{25EECE08-E64F-49D9-9657-A18406ADB95A}.Release|Any CPU.Build.0 = Release|Any CPU
		{25EECE08-E64F-49D9-9657-A18406ADB95A}.Release|ARM.ActiveCfg = Release|Any CPU
		{25EECE08-E64F-49D9-9657-A18406ADB95A}.Release|ARM.Build.0 = Release|Any CPU
		{25EECE08-E64F-49D9-9657-A18406ADB95A}.Release|x64.ActiveCfg = Release|Any CPU
		{25EECE08-E64F-49D9-9657-A18406ADB95A}.Release|x64.Build.0 = Release|Any CPU
		{25EECE08-E64F-49D9-9657-A18406ADB95A}.Release|x86.ActiveCfg = Release|Any CPU
		{25EECE08-E64F-49D9-9657-A18406ADB95A}.Release|x86.Build.0 = Release|Any CPU
		{8B0DB86E-74B0-4F13-B18F-8862BDB1EAA3}.Debug|Any CPU.ActiveCfg = Debug|Any CPU
		{8B0DB86E-74B0-4F13-B18F-8862BDB1EAA3}.Debug|Any CPU.Build.0 = Debug|Any CPU
		{8B0DB86E-74B0-4F13-B18F-8862BDB1EAA3}.Debug|ARM.ActiveCfg = Debug|Any CPU
		{8B0DB86E-74B0-4F13-B18F-8862BDB1EAA3}.Debug|ARM.Build.0 = Debug|Any CPU
		{8B0DB86E-74B0-4F13-B18F-8862BDB1EAA3}.Debug|x64.ActiveCfg = Debug|Any CPU
		{8B0DB86E-74B0-4F13-B18F-8862BDB1EAA3}.Debug|x64.Build.0 = Debug|Any CPU
		{8B0DB86E-74B0-4F13-B18F-8862BDB1EAA3}.Debug|x86.ActiveCfg = Debug|Any CPU
		{8B0DB86E-74B0-4F13-B18F-8862BDB1EAA3}.Debug|x86.Build.0 = Debug|Any CPU
		{8B0DB86E-74B0-4F13-B18F-8862BDB1EAA3}.Release|Any CPU.ActiveCfg = Release|Any CPU
		{8B0DB86E-74B0-4F13-B18F-8862BDB1EAA3}.Release|Any CPU.Build.0 = Release|Any CPU
		{8B0DB86E-74B0-4F13-B18F-8862BDB1EAA3}.Release|ARM.ActiveCfg = Release|Any CPU
		{8B0DB86E-74B0-4F13-B18F-8862BDB1EAA3}.Release|ARM.Build.0 = Release|Any CPU
		{8B0DB86E-74B0-4F13-B18F-8862BDB1EAA3}.Release|x64.ActiveCfg = Release|Any CPU
		{8B0DB86E-74B0-4F13-B18F-8862BDB1EAA3}.Release|x64.Build.0 = Release|Any CPU
		{8B0DB86E-74B0-4F13-B18F-8862BDB1EAA3}.Release|x86.ActiveCfg = Release|Any CPU
		{8B0DB86E-74B0-4F13-B18F-8862BDB1EAA3}.Release|x86.Build.0 = Release|Any CPU
		{A4544E79-26BE-46CD-86C7-DD954D558F63}.Debug|Any CPU.ActiveCfg = Debug|x86
		{A4544E79-26BE-46CD-86C7-DD954D558F63}.Debug|Any CPU.Build.0 = Debug|x86
		{A4544E79-26BE-46CD-86C7-DD954D558F63}.Debug|Any CPU.Deploy.0 = Debug|x86
		{A4544E79-26BE-46CD-86C7-DD954D558F63}.Debug|ARM.ActiveCfg = Debug|ARM
		{A4544E79-26BE-46CD-86C7-DD954D558F63}.Debug|ARM.Build.0 = Debug|ARM
		{A4544E79-26BE-46CD-86C7-DD954D558F63}.Debug|ARM.Deploy.0 = Debug|ARM
		{A4544E79-26BE-46CD-86C7-DD954D558F63}.Debug|x64.ActiveCfg = Debug|x64
		{A4544E79-26BE-46CD-86C7-DD954D558F63}.Debug|x64.Build.0 = Debug|x64
		{A4544E79-26BE-46CD-86C7-DD954D558F63}.Debug|x64.Deploy.0 = Debug|x64
		{A4544E79-26BE-46CD-86C7-DD954D558F63}.Debug|x86.ActiveCfg = Debug|x86
		{A4544E79-26BE-46CD-86C7-DD954D558F63}.Debug|x86.Build.0 = Debug|x86
		{A4544E79-26BE-46CD-86C7-DD954D558F63}.Debug|x86.Deploy.0 = Debug|x86
		{A4544E79-26BE-46CD-86C7-DD954D558F63}.Release|Any CPU.ActiveCfg = Release|x86
		{A4544E79-26BE-46CD-86C7-DD954D558F63}.Release|ARM.ActiveCfg = Release|ARM
		{A4544E79-26BE-46CD-86C7-DD954D558F63}.Release|ARM.Build.0 = Release|ARM
		{A4544E79-26BE-46CD-86C7-DD954D558F63}.Release|ARM.Deploy.0 = Release|ARM
		{A4544E79-26BE-46CD-86C7-DD954D558F63}.Release|x64.ActiveCfg = Release|x64
		{A4544E79-26BE-46CD-86C7-DD954D558F63}.Release|x64.Build.0 = Release|x64
		{A4544E79-26BE-46CD-86C7-DD954D558F63}.Release|x64.Deploy.0 = Release|x64
		{A4544E79-26BE-46CD-86C7-DD954D558F63}.Release|x86.ActiveCfg = Release|x86
		{A4544E79-26BE-46CD-86C7-DD954D558F63}.Release|x86.Build.0 = Release|x86
		{A4544E79-26BE-46CD-86C7-DD954D558F63}.Release|x86.Deploy.0 = Release|x86
		{511FDF66-7820-4410-A1D1-54D6758CE640}.Debug|Any CPU.ActiveCfg = Debug|Any CPU
		{511FDF66-7820-4410-A1D1-54D6758CE640}.Debug|Any CPU.Build.0 = Debug|Any CPU
		{511FDF66-7820-4410-A1D1-54D6758CE640}.Debug|ARM.ActiveCfg = Debug|ARM
		{511FDF66-7820-4410-A1D1-54D6758CE640}.Debug|ARM.Build.0 = Debug|ARM
		{511FDF66-7820-4410-A1D1-54D6758CE640}.Debug|x64.ActiveCfg = Debug|x64
		{511FDF66-7820-4410-A1D1-54D6758CE640}.Debug|x64.Build.0 = Debug|x64
		{511FDF66-7820-4410-A1D1-54D6758CE640}.Debug|x86.ActiveCfg = Debug|x86
		{511FDF66-7820-4410-A1D1-54D6758CE640}.Debug|x86.Build.0 = Debug|x86
		{511FDF66-7820-4410-A1D1-54D6758CE640}.Release|Any CPU.ActiveCfg = Release|Any CPU
		{511FDF66-7820-4410-A1D1-54D6758CE640}.Release|Any CPU.Build.0 = Release|Any CPU
		{511FDF66-7820-4410-A1D1-54D6758CE640}.Release|ARM.ActiveCfg = Release|ARM
		{511FDF66-7820-4410-A1D1-54D6758CE640}.Release|ARM.Build.0 = Release|ARM
		{511FDF66-7820-4410-A1D1-54D6758CE640}.Release|x64.ActiveCfg = Release|x64
		{511FDF66-7820-4410-A1D1-54D6758CE640}.Release|x64.Build.0 = Release|x64
		{511FDF66-7820-4410-A1D1-54D6758CE640}.Release|x86.ActiveCfg = Release|x86
		{511FDF66-7820-4410-A1D1-54D6758CE640}.Release|x86.Build.0 = Release|x86
		{177F41D2-B3C4-425A-AB50-EF33DF16FF8A}.Debug|Any CPU.ActiveCfg = Debug|Any CPU
		{177F41D2-B3C4-425A-AB50-EF33DF16FF8A}.Debug|Any CPU.Build.0 = Debug|Any CPU
		{177F41D2-B3C4-425A-AB50-EF33DF16FF8A}.Debug|ARM.ActiveCfg = Debug|Any CPU
		{177F41D2-B3C4-425A-AB50-EF33DF16FF8A}.Debug|ARM.Build.0 = Debug|Any CPU
		{177F41D2-B3C4-425A-AB50-EF33DF16FF8A}.Debug|x64.ActiveCfg = Debug|Any CPU
		{177F41D2-B3C4-425A-AB50-EF33DF16FF8A}.Debug|x64.Build.0 = Debug|Any CPU
		{177F41D2-B3C4-425A-AB50-EF33DF16FF8A}.Debug|x86.ActiveCfg = Debug|Any CPU
		{177F41D2-B3C4-425A-AB50-EF33DF16FF8A}.Debug|x86.Build.0 = Debug|Any CPU
		{177F41D2-B3C4-425A-AB50-EF33DF16FF8A}.Release|Any CPU.ActiveCfg = Release|Any CPU
		{177F41D2-B3C4-425A-AB50-EF33DF16FF8A}.Release|Any CPU.Build.0 = Release|Any CPU
		{177F41D2-B3C4-425A-AB50-EF33DF16FF8A}.Release|ARM.ActiveCfg = Release|Any CPU
		{177F41D2-B3C4-425A-AB50-EF33DF16FF8A}.Release|ARM.Build.0 = Release|Any CPU
		{177F41D2-B3C4-425A-AB50-EF33DF16FF8A}.Release|x64.ActiveCfg = Release|Any CPU
		{177F41D2-B3C4-425A-AB50-EF33DF16FF8A}.Release|x64.Build.0 = Release|Any CPU
		{177F41D2-B3C4-425A-AB50-EF33DF16FF8A}.Release|x86.ActiveCfg = Release|Any CPU
		{177F41D2-B3C4-425A-AB50-EF33DF16FF8A}.Release|x86.Build.0 = Release|Any CPU
		{A09DF8FF-3173-4BE3-8AA2-E14BF858815F}.Debug|Any CPU.ActiveCfg = Debug|Any CPU
		{A09DF8FF-3173-4BE3-8AA2-E14BF858815F}.Debug|Any CPU.Build.0 = Debug|Any CPU
		{A09DF8FF-3173-4BE3-8AA2-E14BF858815F}.Debug|ARM.ActiveCfg = Debug|Any CPU
		{A09DF8FF-3173-4BE3-8AA2-E14BF858815F}.Debug|ARM.Build.0 = Debug|Any CPU
		{A09DF8FF-3173-4BE3-8AA2-E14BF858815F}.Debug|x64.ActiveCfg = Debug|Any CPU
		{A09DF8FF-3173-4BE3-8AA2-E14BF858815F}.Debug|x64.Build.0 = Debug|Any CPU
		{A09DF8FF-3173-4BE3-8AA2-E14BF858815F}.Debug|x86.ActiveCfg = Debug|Any CPU
		{A09DF8FF-3173-4BE3-8AA2-E14BF858815F}.Debug|x86.Build.0 = Debug|Any CPU
		{A09DF8FF-3173-4BE3-8AA2-E14BF858815F}.Release|Any CPU.ActiveCfg = Release|Any CPU
		{A09DF8FF-3173-4BE3-8AA2-E14BF858815F}.Release|Any CPU.Build.0 = Release|Any CPU
		{A09DF8FF-3173-4BE3-8AA2-E14BF858815F}.Release|ARM.ActiveCfg = Release|Any CPU
		{A09DF8FF-3173-4BE3-8AA2-E14BF858815F}.Release|ARM.Build.0 = Release|Any CPU
		{A09DF8FF-3173-4BE3-8AA2-E14BF858815F}.Release|x64.ActiveCfg = Release|Any CPU
		{A09DF8FF-3173-4BE3-8AA2-E14BF858815F}.Release|x64.Build.0 = Release|Any CPU
		{A09DF8FF-3173-4BE3-8AA2-E14BF858815F}.Release|x86.ActiveCfg = Release|Any CPU
		{A09DF8FF-3173-4BE3-8AA2-E14BF858815F}.Release|x86.Build.0 = Release|Any CPU
	EndGlobalSection
	GlobalSection(SolutionProperties) = preSolution
		HideSolutionNode = FALSE
	EndGlobalSection
	GlobalSection(ExtensibilityGlobals) = postSolution
		SolutionGuid = {E7EFCF2F-067A-406B-9605-43107520228D}
	EndGlobalSection
EndGlobal
