
Microsoft Visual Studio Solution File, Format Version 12.00
# Visual Studio 15
VisualStudioVersion = 15.0.27102.0
MinimumVisualStudioVersion = 10.0.40219.1
Project("{9A19103F-16F7-4668-BE54-9A1E7A4F7556}") = "Reflection.Optimization", "..\..\NetStandard\Reflection.Optimization\Reflection.Optimization\Reflection.Optimization.csproj", "{4FBF4294-CAE4-43D2-ABBF-756DF72358D9}"
EndProject
Project("{9A19103F-16F7-4668-BE54-9A1E7A4F7556}") = "DependencyInjectionResolver", "..\..\NetStandard\DependencyInjectionResolver\DependencyInjectionResolver\DependencyInjectionResolver.csproj", "{7B9A81F5-8004-4DEF-BC69-C9E390881448}"
EndProject
Project("{9A19103F-16F7-4668-BE54-9A1E7A4F7556}") = "HqDownloadManager.Utils", "HqDownloadManager.Utils\HqDownloadManager.Utils.csproj", "{778BE687-CC07-4029-9393-4C175B2CF29F}"
EndProject
Project("{9A19103F-16F7-4668-BE54-9A1E7A4F7556}") = "Repository", "..\..\NetStandard\Repository\Repository\Repository.csproj", "{14ED387D-4FEC-4D74-9058-730152B7BD50}"
EndProject
Project("{9A19103F-16F7-4668-BE54-9A1E7A4F7556}") = "HqDownloadManager.Compression", "HqDownloadManager.Compression\HqDownloadManager.Compression.csproj", "{207FFBB9-7A87-41F7-82B9-2016035AB2D2}"
EndProject
Project("{9A19103F-16F7-4668-BE54-9A1E7A4F7556}") = "HqDownloadManager.Download", "HqDownloadManager.Download\HqDownloadManager.Download.csproj", "{698A118E-74C9-47D8-95CF-C8D122C5FCC0}"
EndProject
Project("{9A19103F-16F7-4668-BE54-9A1E7A4F7556}") = "HqDownloadManager.Follow", "HqDownloadManager.Follow\HqDownloadManager.Follow.csproj", "{050663EA-33BE-4F38-8E36-E7EA66EA4D25}"
EndProject
Project("{FAE04EC0-301F-11D3-BF4B-00C04F79EFBC}") = "HqDownloadManager", "HqDownloadManager\HqDownloadManager.csproj", "{50D27B41-1F44-46FF-A2A1-12F1829513F1}"
EndProject
Project("{9A19103F-16F7-4668-BE54-9A1E7A4F7556}") = "HqDownloadManager.Core", "HqDownloadManager.Core\HqDownloadManager.Core.csproj", "{FE9E17F6-1425-4FB5-A390-19C6AE9AC796}"
EndProject
Global
	GlobalSection(SolutionConfigurationPlatforms) = preSolution
		Debug|Any CPU = Debug|Any CPU
		Debug|ARM = Debug|ARM
		Debug|x64 = Debug|x64
		Debug|x86 = Debug|x86
		Release|Any CPU = Release|Any CPU
		Release|ARM = Release|ARM
		Release|x64 = Release|x64
		Release|x86 = Release|x86
	EndGlobalSection
	GlobalSection(ProjectConfigurationPlatforms) = postSolution
		{4FBF4294-CAE4-43D2-ABBF-756DF72358D9}.Debug|Any CPU.ActiveCfg = Debug|Any CPU
		{4FBF4294-CAE4-43D2-ABBF-756DF72358D9}.Debug|Any CPU.Build.0 = Debug|Any CPU
		{4FBF4294-CAE4-43D2-ABBF-756DF72358D9}.Debug|ARM.ActiveCfg = Debug|Any CPU
		{4FBF4294-CAE4-43D2-ABBF-756DF72358D9}.Debug|ARM.Build.0 = Debug|Any CPU
		{4FBF4294-CAE4-43D2-ABBF-756DF72358D9}.Debug|x64.ActiveCfg = Debug|Any CPU
		{4FBF4294-CAE4-43D2-ABBF-756DF72358D9}.Debug|x64.Build.0 = Debug|Any CPU
		{4FBF4294-CAE4-43D2-ABBF-756DF72358D9}.Debug|x86.ActiveCfg = Debug|Any CPU
		{4FBF4294-CAE4-43D2-ABBF-756DF72358D9}.Debug|x86.Build.0 = Debug|Any CPU
		{4FBF4294-CAE4-43D2-ABBF-756DF72358D9}.Release|Any CPU.ActiveCfg = Release|Any CPU
		{4FBF4294-CAE4-43D2-ABBF-756DF72358D9}.Release|Any CPU.Build.0 = Release|Any CPU
		{4FBF4294-CAE4-43D2-ABBF-756DF72358D9}.Release|ARM.ActiveCfg = Release|Any CPU
		{4FBF4294-CAE4-43D2-ABBF-756DF72358D9}.Release|ARM.Build.0 = Release|Any CPU
		{4FBF4294-CAE4-43D2-ABBF-756DF72358D9}.Release|x64.ActiveCfg = Release|Any CPU
		{4FBF4294-CAE4-43D2-ABBF-756DF72358D9}.Release|x64.Build.0 = Release|Any CPU
		{4FBF4294-CAE4-43D2-ABBF-756DF72358D9}.Release|x86.ActiveCfg = Release|Any CPU
		{4FBF4294-CAE4-43D2-ABBF-756DF72358D9}.Release|x86.Build.0 = Release|Any CPU
		{7B9A81F5-8004-4DEF-BC69-C9E390881448}.Debug|Any CPU.ActiveCfg = Debug|Any CPU
		{7B9A81F5-8004-4DEF-BC69-C9E390881448}.Debug|Any CPU.Build.0 = Debug|Any CPU
		{7B9A81F5-8004-4DEF-BC69-C9E390881448}.Debug|ARM.ActiveCfg = Debug|Any CPU
		{7B9A81F5-8004-4DEF-BC69-C9E390881448}.Debug|ARM.Build.0 = Debug|Any CPU
		{7B9A81F5-8004-4DEF-BC69-C9E390881448}.Debug|x64.ActiveCfg = Debug|Any CPU
		{7B9A81F5-8004-4DEF-BC69-C9E390881448}.Debug|x64.Build.0 = Debug|Any CPU
		{7B9A81F5-8004-4DEF-BC69-C9E390881448}.Debug|x86.ActiveCfg = Debug|Any CPU
		{7B9A81F5-8004-4DEF-BC69-C9E390881448}.Debug|x86.Build.0 = Debug|Any CPU
		{7B9A81F5-8004-4DEF-BC69-C9E390881448}.Release|Any CPU.ActiveCfg = Release|Any CPU
		{7B9A81F5-8004-4DEF-BC69-C9E390881448}.Release|Any CPU.Build.0 = Release|Any CPU
		{7B9A81F5-8004-4DEF-BC69-C9E390881448}.Release|ARM.ActiveCfg = Release|Any CPU
		{7B9A81F5-8004-4DEF-BC69-C9E390881448}.Release|ARM.Build.0 = Release|Any CPU
		{7B9A81F5-8004-4DEF-BC69-C9E390881448}.Release|x64.ActiveCfg = Release|Any CPU
		{7B9A81F5-8004-4DEF-BC69-C9E390881448}.Release|x64.Build.0 = Release|Any CPU
		{7B9A81F5-8004-4DEF-BC69-C9E390881448}.Release|x86.ActiveCfg = Release|Any CPU
		{7B9A81F5-8004-4DEF-BC69-C9E390881448}.Release|x86.Build.0 = Release|Any CPU
		{778BE687-CC07-4029-9393-4C175B2CF29F}.Debug|Any CPU.ActiveCfg = Debug|Any CPU
		{778BE687-CC07-4029-9393-4C175B2CF29F}.Debug|Any CPU.Build.0 = Debug|Any CPU
		{778BE687-CC07-4029-9393-4C175B2CF29F}.Debug|ARM.ActiveCfg = Debug|Any CPU
		{778BE687-CC07-4029-9393-4C175B2CF29F}.Debug|ARM.Build.0 = Debug|Any CPU
		{778BE687-CC07-4029-9393-4C175B2CF29F}.Debug|x64.ActiveCfg = Debug|Any CPU
		{778BE687-CC07-4029-9393-4C175B2CF29F}.Debug|x64.Build.0 = Debug|Any CPU
		{778BE687-CC07-4029-9393-4C175B2CF29F}.Debug|x86.ActiveCfg = Debug|Any CPU
		{778BE687-CC07-4029-9393-4C175B2CF29F}.Debug|x86.Build.0 = Debug|Any CPU
		{778BE687-CC07-4029-9393-4C175B2CF29F}.Release|Any CPU.ActiveCfg = Release|Any CPU
		{778BE687-CC07-4029-9393-4C175B2CF29F}.Release|Any CPU.Build.0 = Release|Any CPU
		{778BE687-CC07-4029-9393-4C175B2CF29F}.Release|ARM.ActiveCfg = Release|Any CPU
		{778BE687-CC07-4029-9393-4C175B2CF29F}.Release|ARM.Build.0 = Release|Any CPU
		{778BE687-CC07-4029-9393-4C175B2CF29F}.Release|x64.ActiveCfg = Release|Any CPU
		{778BE687-CC07-4029-9393-4C175B2CF29F}.Release|x64.Build.0 = Release|Any CPU
		{778BE687-CC07-4029-9393-4C175B2CF29F}.Release|x86.ActiveCfg = Release|Any CPU
		{778BE687-CC07-4029-9393-4C175B2CF29F}.Release|x86.Build.0 = Release|Any CPU
		{14ED387D-4FEC-4D74-9058-730152B7BD50}.Debug|Any CPU.ActiveCfg = Debug|Any CPU
		{14ED387D-4FEC-4D74-9058-730152B7BD50}.Debug|Any CPU.Build.0 = Debug|Any CPU
		{14ED387D-4FEC-4D74-9058-730152B7BD50}.Debug|ARM.ActiveCfg = Debug|Any CPU
		{14ED387D-4FEC-4D74-9058-730152B7BD50}.Debug|ARM.Build.0 = Debug|Any CPU
		{14ED387D-4FEC-4D74-9058-730152B7BD50}.Debug|x64.ActiveCfg = Debug|Any CPU
		{14ED387D-4FEC-4D74-9058-730152B7BD50}.Debug|x64.Build.0 = Debug|Any CPU
		{14ED387D-4FEC-4D74-9058-730152B7BD50}.Debug|x86.ActiveCfg = Debug|Any CPU
		{14ED387D-4FEC-4D74-9058-730152B7BD50}.Debug|x86.Build.0 = Debug|Any CPU
		{14ED387D-4FEC-4D74-9058-730152B7BD50}.Release|Any CPU.ActiveCfg = Release|Any CPU
		{14ED387D-4FEC-4D74-9058-730152B7BD50}.Release|Any CPU.Build.0 = Release|Any CPU
		{14ED387D-4FEC-4D74-9058-730152B7BD50}.Release|ARM.ActiveCfg = Release|Any CPU
		{14ED387D-4FEC-4D74-9058-730152B7BD50}.Release|ARM.Build.0 = Release|Any CPU
		{14ED387D-4FEC-4D74-9058-730152B7BD50}.Release|x64.ActiveCfg = Release|Any CPU
		{14ED387D-4FEC-4D74-9058-730152B7BD50}.Release|x64.Build.0 = Release|Any CPU
		{14ED387D-4FEC-4D74-9058-730152B7BD50}.Release|x86.ActiveCfg = Release|Any CPU
		{14ED387D-4FEC-4D74-9058-730152B7BD50}.Release|x86.Build.0 = Release|Any CPU
		{207FFBB9-7A87-41F7-82B9-2016035AB2D2}.Debug|Any CPU.ActiveCfg = Debug|Any CPU
		{207FFBB9-7A87-41F7-82B9-2016035AB2D2}.Debug|Any CPU.Build.0 = Debug|Any CPU
		{207FFBB9-7A87-41F7-82B9-2016035AB2D2}.Debug|ARM.ActiveCfg = Debug|Any CPU
		{207FFBB9-7A87-41F7-82B9-2016035AB2D2}.Debug|ARM.Build.0 = Debug|Any CPU
		{207FFBB9-7A87-41F7-82B9-2016035AB2D2}.Debug|x64.ActiveCfg = Debug|Any CPU
		{207FFBB9-7A87-41F7-82B9-2016035AB2D2}.Debug|x64.Build.0 = Debug|Any CPU
		{207FFBB9-7A87-41F7-82B9-2016035AB2D2}.Debug|x86.ActiveCfg = Debug|Any CPU
		{207FFBB9-7A87-41F7-82B9-2016035AB2D2}.Debug|x86.Build.0 = Debug|Any CPU
		{207FFBB9-7A87-41F7-82B9-2016035AB2D2}.Release|Any CPU.ActiveCfg = Release|Any CPU
		{207FFBB9-7A87-41F7-82B9-2016035AB2D2}.Release|Any CPU.Build.0 = Release|Any CPU
		{207FFBB9-7A87-41F7-82B9-2016035AB2D2}.Release|ARM.ActiveCfg = Release|Any CPU
		{207FFBB9-7A87-41F7-82B9-2016035AB2D2}.Release|ARM.Build.0 = Release|Any CPU
		{207FFBB9-7A87-41F7-82B9-2016035AB2D2}.Release|x64.ActiveCfg = Release|Any CPU
		{207FFBB9-7A87-41F7-82B9-2016035AB2D2}.Release|x64.Build.0 = Release|Any CPU
		{207FFBB9-7A87-41F7-82B9-2016035AB2D2}.Release|x86.ActiveCfg = Release|Any CPU
		{207FFBB9-7A87-41F7-82B9-2016035AB2D2}.Release|x86.Build.0 = Release|Any CPU
		{698A118E-74C9-47D8-95CF-C8D122C5FCC0}.Debug|Any CPU.ActiveCfg = Debug|Any CPU
		{698A118E-74C9-47D8-95CF-C8D122C5FCC0}.Debug|Any CPU.Build.0 = Debug|Any CPU
		{698A118E-74C9-47D8-95CF-C8D122C5FCC0}.Debug|ARM.ActiveCfg = Debug|Any CPU
		{698A118E-74C9-47D8-95CF-C8D122C5FCC0}.Debug|ARM.Build.0 = Debug|Any CPU
		{698A118E-74C9-47D8-95CF-C8D122C5FCC0}.Debug|x64.ActiveCfg = Debug|Any CPU
		{698A118E-74C9-47D8-95CF-C8D122C5FCC0}.Debug|x64.Build.0 = Debug|Any CPU
		{698A118E-74C9-47D8-95CF-C8D122C5FCC0}.Debug|x86.ActiveCfg = Debug|Any CPU
		{698A118E-74C9-47D8-95CF-C8D122C5FCC0}.Debug|x86.Build.0 = Debug|Any CPU
		{698A118E-74C9-47D8-95CF-C8D122C5FCC0}.Release|Any CPU.ActiveCfg = Release|Any CPU
		{698A118E-74C9-47D8-95CF-C8D122C5FCC0}.Release|Any CPU.Build.0 = Release|Any CPU
		{698A118E-74C9-47D8-95CF-C8D122C5FCC0}.Release|ARM.ActiveCfg = Release|Any CPU
		{698A118E-74C9-47D8-95CF-C8D122C5FCC0}.Release|ARM.Build.0 = Release|Any CPU
		{698A118E-74C9-47D8-95CF-C8D122C5FCC0}.Release|x64.ActiveCfg = Release|Any CPU
		{698A118E-74C9-47D8-95CF-C8D122C5FCC0}.Release|x64.Build.0 = Release|Any CPU
		{698A118E-74C9-47D8-95CF-C8D122C5FCC0}.Release|x86.ActiveCfg = Release|Any CPU
		{698A118E-74C9-47D8-95CF-C8D122C5FCC0}.Release|x86.Build.0 = Release|Any CPU
		{050663EA-33BE-4F38-8E36-E7EA66EA4D25}.Debug|Any CPU.ActiveCfg = Debug|Any CPU
		{050663EA-33BE-4F38-8E36-E7EA66EA4D25}.Debug|Any CPU.Build.0 = Debug|Any CPU
		{050663EA-33BE-4F38-8E36-E7EA66EA4D25}.Debug|ARM.ActiveCfg = Debug|Any CPU
		{050663EA-33BE-4F38-8E36-E7EA66EA4D25}.Debug|ARM.Build.0 = Debug|Any CPU
		{050663EA-33BE-4F38-8E36-E7EA66EA4D25}.Debug|x64.ActiveCfg = Debug|Any CPU
		{050663EA-33BE-4F38-8E36-E7EA66EA4D25}.Debug|x64.Build.0 = Debug|Any CPU
		{050663EA-33BE-4F38-8E36-E7EA66EA4D25}.Debug|x86.ActiveCfg = Debug|Any CPU
		{050663EA-33BE-4F38-8E36-E7EA66EA4D25}.Debug|x86.Build.0 = Debug|Any CPU
		{050663EA-33BE-4F38-8E36-E7EA66EA4D25}.Release|Any CPU.ActiveCfg = Release|Any CPU
		{050663EA-33BE-4F38-8E36-E7EA66EA4D25}.Release|Any CPU.Build.0 = Release|Any CPU
		{050663EA-33BE-4F38-8E36-E7EA66EA4D25}.Release|ARM.ActiveCfg = Release|Any CPU
		{050663EA-33BE-4F38-8E36-E7EA66EA4D25}.Release|ARM.Build.0 = Release|Any CPU
		{050663EA-33BE-4F38-8E36-E7EA66EA4D25}.Release|x64.ActiveCfg = Release|Any CPU
		{050663EA-33BE-4F38-8E36-E7EA66EA4D25}.Release|x64.Build.0 = Release|Any CPU
		{050663EA-33BE-4F38-8E36-E7EA66EA4D25}.Release|x86.ActiveCfg = Release|Any CPU
		{050663EA-33BE-4F38-8E36-E7EA66EA4D25}.Release|x86.Build.0 = Release|Any CPU
		{50D27B41-1F44-46FF-A2A1-12F1829513F1}.Debug|Any CPU.ActiveCfg = Debug|x86
		{50D27B41-1F44-46FF-A2A1-12F1829513F1}.Debug|Any CPU.Build.0 = Debug|x86
		{50D27B41-1F44-46FF-A2A1-12F1829513F1}.Debug|Any CPU.Deploy.0 = Debug|x86
		{50D27B41-1F44-46FF-A2A1-12F1829513F1}.Debug|ARM.ActiveCfg = Debug|ARM
		{50D27B41-1F44-46FF-A2A1-12F1829513F1}.Debug|ARM.Build.0 = Debug|ARM
		{50D27B41-1F44-46FF-A2A1-12F1829513F1}.Debug|ARM.Deploy.0 = Debug|ARM
		{50D27B41-1F44-46FF-A2A1-12F1829513F1}.Debug|x64.ActiveCfg = Debug|x64
		{50D27B41-1F44-46FF-A2A1-12F1829513F1}.Debug|x64.Build.0 = Debug|x64
		{50D27B41-1F44-46FF-A2A1-12F1829513F1}.Debug|x64.Deploy.0 = Debug|x64
		{50D27B41-1F44-46FF-A2A1-12F1829513F1}.Debug|x86.ActiveCfg = Debug|x86
		{50D27B41-1F44-46FF-A2A1-12F1829513F1}.Debug|x86.Build.0 = Debug|x86
		{50D27B41-1F44-46FF-A2A1-12F1829513F1}.Debug|x86.Deploy.0 = Debug|x86
		{50D27B41-1F44-46FF-A2A1-12F1829513F1}.Release|Any CPU.ActiveCfg = Release|x86
		{50D27B41-1F44-46FF-A2A1-12F1829513F1}.Release|ARM.ActiveCfg = Release|ARM
		{50D27B41-1F44-46FF-A2A1-12F1829513F1}.Release|ARM.Build.0 = Release|ARM
		{50D27B41-1F44-46FF-A2A1-12F1829513F1}.Release|ARM.Deploy.0 = Release|ARM
		{50D27B41-1F44-46FF-A2A1-12F1829513F1}.Release|x64.ActiveCfg = Release|x64
		{50D27B41-1F44-46FF-A2A1-12F1829513F1}.Release|x64.Build.0 = Release|x64
		{50D27B41-1F44-46FF-A2A1-12F1829513F1}.Release|x64.Deploy.0 = Release|x64
		{50D27B41-1F44-46FF-A2A1-12F1829513F1}.Release|x86.ActiveCfg = Release|x86
		{50D27B41-1F44-46FF-A2A1-12F1829513F1}.Release|x86.Build.0 = Release|x86
		{50D27B41-1F44-46FF-A2A1-12F1829513F1}.Release|x86.Deploy.0 = Release|x86
		{FE9E17F6-1425-4FB5-A390-19C6AE9AC796}.Debug|Any CPU.ActiveCfg = Debug|Any CPU
		{FE9E17F6-1425-4FB5-A390-19C6AE9AC796}.Debug|Any CPU.Build.0 = Debug|Any CPU
		{FE9E17F6-1425-4FB5-A390-19C6AE9AC796}.Debug|ARM.ActiveCfg = Debug|Any CPU
		{FE9E17F6-1425-4FB5-A390-19C6AE9AC796}.Debug|ARM.Build.0 = Debug|Any CPU
		{FE9E17F6-1425-4FB5-A390-19C6AE9AC796}.Debug|x64.ActiveCfg = Debug|Any CPU
		{FE9E17F6-1425-4FB5-A390-19C6AE9AC796}.Debug|x64.Build.0 = Debug|Any CPU
		{FE9E17F6-1425-4FB5-A390-19C6AE9AC796}.Debug|x86.ActiveCfg = Debug|Any CPU
		{FE9E17F6-1425-4FB5-A390-19C6AE9AC796}.Debug|x86.Build.0 = Debug|Any CPU
		{FE9E17F6-1425-4FB5-A390-19C6AE9AC796}.Release|Any CPU.ActiveCfg = Release|Any CPU
		{FE9E17F6-1425-4FB5-A390-19C6AE9AC796}.Release|Any CPU.Build.0 = Release|Any CPU
		{FE9E17F6-1425-4FB5-A390-19C6AE9AC796}.Release|ARM.ActiveCfg = Release|Any CPU
		{FE9E17F6-1425-4FB5-A390-19C6AE9AC796}.Release|ARM.Build.0 = Release|Any CPU
		{FE9E17F6-1425-4FB5-A390-19C6AE9AC796}.Release|x64.ActiveCfg = Release|Any CPU
		{FE9E17F6-1425-4FB5-A390-19C6AE9AC796}.Release|x64.Build.0 = Release|Any CPU
		{FE9E17F6-1425-4FB5-A390-19C6AE9AC796}.Release|x86.ActiveCfg = Release|Any CPU
		{FE9E17F6-1425-4FB5-A390-19C6AE9AC796}.Release|x86.Build.0 = Release|Any CPU
	EndGlobalSection
	GlobalSection(SolutionProperties) = preSolution
		HideSolutionNode = FALSE
	EndGlobalSection
	GlobalSection(ExtensibilityGlobals) = postSolution
		SolutionGuid = {E7EFCF2F-067A-406B-9605-43107520228D}
	EndGlobalSection
EndGlobal
